{
  "name": "bench",
  "version": "1.0.0",
  "lockfileVersion": 1,
  "requires": true,
  "dependencies": {
    "benchmark": {
      "version": "2.1.4",
      "resolved": "https://registry.npmjs.org/benchmark/-/benchmark-2.1.4.tgz",
      "integrity": "sha1-CfPeMckWQl1JjMLuVloOvzwqVik=",
      "requires": {
        "lodash": "^4.17.4",
        "platform": "^1.3.3"
      }
    },
    "lodash": {
      "version": "4.17.21",
      "resolved": "https://registry.npmjs.org/lodash/-/lodash-4.17.21.tgz",
      "integrity": "sha512-v2kDEe57lecTulaDIuNTPy3Ry4gLGJ6Z1O3vE1krgXZNrsQ+LFTGHVxVjcXPs17LhbZVGedAJv8XZ1tvj5FvSg=="
    },
    "platform": {
      "version": "1.3.5",
      "resolved": "https://registry.npmjs.org/platform/-/platform-1.3.5.tgz",
      "integrity": "sha512-TuvHS8AOIZNAlE77WUDiR4rySV/VMptyMfcfeoMgs4P8apaZM3JrnbzBiixKUv+XR6i+BXrQh8WAnjaSPFO65Q=="
    },
    "proxy-protocol": {
      "version": "1.0.1",
      "resolved": "https://registry.npmjs.org/proxy-protocol/-/proxy-protocol-1.0.1.tgz",
      "integrity": "sha1-GJOuMsj7vNVpnEchj2mqtk8jhJc=",
      "requires": {
        "strtok": "0.1.1"
      }
    },
    "proxy-protocol-js": {
      "version": "3.0.1",
      "resolved": "https://registry.npmjs.org/proxy-protocol-js/-/proxy-protocol-js-3.0.1.tgz",
      "integrity": "sha512-zTY0VtTAaDLKhVpuBJrkEAmqLpqFinDsNP4vyuViy7RQYX+DUZbT73Ish8PtcI1lU7O9rsdxii5t3OR120d68Q=="
    },
    "strtok": {
      "version": "0.1.1",
      "resolved": "https://registry.npmjs.org/strtok/-/strtok-0.1.1.tgz",
      "integrity": "sha1-Wfks8sbUpev+JO2lzTo7BnajS74="
    }
  }
}
